
Microsoft Visual Studio Solution File, Format Version 12.00
# Visual Studio Version 16
VisualStudioVersion = 16.0.29230.47
MinimumVisualStudioVersion = 10.0.40219.1
Project("{FAE04EC0-301F-11D3-BF4B-00C04F79EFBC}") = "MbmStore", "MbmStore\MbmStore.csproj", "{2449C88C-ECDC-4C63-9123-438B98C68C58}"
EndProject
Global
	GlobalSection(SolutionConfigurationPlatforms) = preSolution
		Debug|Any CPU = Debug|Any CPU
		Release|Any CPU = Release|Any CPU
	EndGlobalSection
	GlobalSection(ProjectConfigurationPlatforms) = postSolution
		{2449C88C-ECDC-4C63-9123-438B98C68C58}.Debug|Any CPU.ActiveCfg = Debug|Any CPU
		{2449C88C-ECDC-4C63-9123-438B98C68C58}.Debug|Any CPU.Build.0 = Debug|Any CPU
		{2449C88C-ECDC-4C63-9123-438B98C68C58}.Release|Any CPU.ActiveCfg = Release|Any CPU
		{2449C88C-ECDC-4C63-9123-438B98C68C58}.Release|Any CPU.Build.0 = Release|Any CPU
	EndGlobalSection
	GlobalSection(SolutionProperties) = preSolution
		HideSolutionNode = FALSE
	EndGlobalSection
	GlobalSection(ExtensibilityGlobals) = postSolution
		SolutionGuid = {26E0EA10-2CCD-4899-BF7C-DC1C187EA819}
	EndGlobalSection
EndGlobal
